
Microsoft Visual Studio Solution File, Format Version 12.00
# Visual Studio 2012
Project("{FAE04EC0-301F-11D3-BF4B-00C04F79EFBC}") = "FillR", "FillR\FillR.csproj", "{6D3FD289-0524-4F3B-8E58-0ED1C248AA11}"
EndProject
Project("{FAE04EC0-301F-11D3-BF4B-00C04F79EFBC}") = "Tests", "Tests\Tests.csproj", "{67153125-C033-4A0A-A420-C98DD02D3D0C}"
EndProject
Global
	GlobalSection(SolutionConfigurationPlatforms) = preSolution
		Debug|Any CPU = Debug|Any CPU
		Release|Any CPU = Release|Any CPU
	EndGlobalSection
	GlobalSection(ProjectConfigurationPlatforms) = postSolution
		{67153125-C033-4A0A-A420-C98DD02D3D0C}.Debug|Any CPU.ActiveCfg = Debug|Any CPU
		{67153125-C033-4A0A-A420-C98DD02D3D0C}.Debug|Any CPU.Build.0 = Debug|Any CPU
		{67153125-C033-4A0A-A420-C98DD02D3D0C}.Release|Any CPU.ActiveCfg = Release|Any CPU
		{67153125-C033-4A0A-A420-C98DD02D3D0C}.Release|Any CPU.Build.0 = Release|Any CPU
		{6D3FD289-0524-4F3B-8E58-0ED1C248AA11}.Debug|Any CPU.ActiveCfg = Debug|Any CPU
		{6D3FD289-0524-4F3B-8E58-0ED1C248AA11}.Debug|Any CPU.Build.0 = Debug|Any CPU
		{6D3FD289-0524-4F3B-8E58-0ED1C248AA11}.Release|Any CPU.ActiveCfg = Release|Any CPU
		{6D3FD289-0524-4F3B-8E58-0ED1C248AA11}.Release|Any CPU.Build.0 = Release|Any CPU
	EndGlobalSection
	GlobalSection(SolutionProperties) = preSolution
		HideSolutionNode = FALSE
	EndGlobalSection
EndGlobal
